// !$*UTF8*$!
{
	archiveVersion = 1;
	classes = {
	};
	objectVersion = 50;
	objects = {

/* Begin PBXBuildFile section */
		06D849D221FE345F008D4261 /* AppDelegate.swift in Sources */ = {isa = PBXBuildFile; fileRef = 06D849D121FE345F008D4261 /* AppDelegate.swift */; };
		06D849D421FE345F008D4261 /* ViewController.swift in Sources */ = {isa = PBXBuildFile; fileRef = 06D849D321FE345F008D4261 /* ViewController.swift */; };
		06D849D721FE345F008D4261 /* Main.storyboard in Resources */ = {isa = PBXBuildFile; fileRef = 06D849D521FE345F008D4261 /* Main.storyboard */; };
		06D849D921FE3462008D4261 /* Assets.xcassets in Resources */ = {isa = PBXBuildFile; fileRef = 06D849D821FE3462008D4261 /* Assets.xcassets */; };
		06D849DC21FE3462008D4261 /* LaunchScreen.storyboard in Resources */ = {isa = PBXBuildFile; fileRef = 06D849DA21FE3462008D4261 /* LaunchScreen.storyboard */; };
		06D849E721FE3462008D4261 /* testprojectTests.swift in Sources */ = {isa = PBXBuildFile; fileRef = 06D849E621FE3462008D4261 /* testprojectTests.swift */; };
		06D849F221FE3462008D4261 /* testprojectUITests.swift in Sources */ = {isa = PBXBuildFile; fileRef = 06D849F121FE3462008D4261 /* testprojectUITests.swift */; };
/* End PBXBuildFile section */

/* Begin PBXContainerItemProxy section */
		06D849E321FE3462008D4261 /* PBXContainerItemProxy */ = {
			isa = PBXContainerItemProxy;
			containerPortal = 06D849C621FE345F008D4261 /* Project object */;
			proxyType = 1;
			remoteGlobalIDString = 06D849CD21FE345F008D4261;
			remoteInfo = testproject;
		};
		06D849EE21FE3462008D4261 /* PBXContainerItemProxy */ = {
			isa = PBXContainerItemProxy;
			containerPortal = 06D849C621FE345F008D4261 /* Project object */;
			proxyType = 1;
			remoteGlobalIDString = 06D849CD21FE345F008D4261;
			remoteInfo = testproject;
		};
/* End PBXContainerItemProxy section */

/* Begin PBXFileReference section */
		06D849CE21FE345F008D4261 /* testproject.app */ = {isa = PBXFileReference; explicitFileType = wrapper.application; includeInIndex = 0; path = testproject.app; sourceTree = BUILT_PRODUCTS_DIR; };
		06D849D121FE345F008D4261 /* AppDelegate.swift */ = {isa = PBXFileReference; lastKnownFileType = sourcecode.swift; path = AppDelegate.swift; sourceTree = "<group>"; };
		06D849D321FE345F008D4261 /* ViewController.swift */ = {isa = PBXFileReference; lastKnownFileType = sourcecode.swift; path = ViewController.swift; sourceTree = "<group>"; };
		06D849D621FE345F008D4261 /* Base */ = {isa = PBXFileReference; lastKnownFileType = file.storyboard; name = Base; path = Base.lproj/Main.storyboard; sourceTree = "<group>"; };
		06D849D821FE3462008D4261 /* Assets.xcassets */ = {isa = PBXFileReference; lastKnownFileType = folder.assetcatalog; path = Assets.xcassets; sourceTree = "<group>"; };
		06D849DB21FE3462008D4261 /* Base */ = {isa = PBXFileReference; lastKnownFileType = file.storyboard; name = Base; path = Base.lproj/LaunchScreen.storyboard; sourceTree = "<group>"; };
		06D849DD21FE3462008D4261 /* Info.plist */ = {isa = PBXFileReference; lastKnownFileType = text.plist.xml; path = Info.plist; sourceTree = "<group>"; };
		06D849E221FE3462008D4261 /* testprojectTests.xctest */ = {isa = PBXFileReference; explicitFileType = wrapper.cfbundle; includeInIndex = 0; path = testprojectTests.xctest; sourceTree = BUILT_PRODUCTS_DIR; };
		06D849E621FE3462008D4261 /* testprojectTests.swift */ = {isa = PBXFileReference; lastKnownFileType = sourcecode.swift; path = testprojectTests.swift; sourceTree = "<group>"; };
		06D849E821FE3462008D4261 /* Info.plist */ = {isa = PBXFileReference; lastKnownFileType = text.plist.xml; path = Info.plist; sourceTree = "<group>"; };
		06D849ED21FE3462008D4261 /* testprojectUITests.xctest */ = {isa = PBXFileReference; explicitFileType = wrapper.cfbundle; includeInIndex = 0; path = testprojectUITests.xctest; sourceTree = BUILT_PRODUCTS_DIR; };
		06D849F121FE3462008D4261 /* testprojectUITests.swift */ = {isa = PBXFileReference; lastKnownFileType = sourcecode.swift; path = testprojectUITests.swift; sourceTree = "<group>"; };
		06D849F321FE3462008D4261 /* Info.plist */ = {isa = PBXFileReference; lastKnownFileType = text.plist.xml; path = Info.plist; sourceTree = "<group>"; };
/* End PBXFileReference section */

/* Begin PBXFrameworksBuildPhase section */
		06D849CB21FE345F008D4261 /* Frameworks */ = {
			isa = PBXFrameworksBuildPhase;
			buildActionMask = 2147483647;
			files = (
			);
			runOnlyForDeploymentPostprocessing = 0;
		};
		06D849DF21FE3462008D4261 /* Frameworks */ = {
			isa = PBXFrameworksBuildPhase;
			buildActionMask = 2147483647;
			files = (
			);
			runOnlyForDeploymentPostprocessing = 0;
		};
		06D849EA21FE3462008D4261 /* Frameworks */ = {
			isa = PBXFrameworksBuildPhase;
			buildActionMask = 2147483647;
			files = (
			);
			runOnlyForDeploymentPostprocessing = 0;
		};
/* End PBXFrameworksBuildPhase section */

/* Begin PBXGroup section */
		06D849C521FE345F008D4261 = {
			isa = PBXGroup;
			children = (
				06D849D021FE345F008D4261 /* testproject */,
				06D849E521FE3462008D4261 /* testprojectTests */,
				06D849F021FE3462008D4261 /* testprojectUITests */,
				06D849CF21FE345F008D4261 /* Products */,
			);
			sourceTree = "<group>";
		};
		06D849CF21FE345F008D4261 /* Products */ = {
			isa = PBXGroup;
			children = (
				06D849CE21FE345F008D4261 /* testproject.app */,
				06D849E221FE3462008D4261 /* testprojectTests.xctest */,
				06D849ED21FE3462008D4261 /* testprojectUITests.xctest */,
			);
			name = Products;
			sourceTree = "<group>";
		};
		06D849D021FE345F008D4261 /* testproject */ = {
			isa = PBXGroup;
			children = (
				06D849D121FE345F008D4261 /* AppDelegate.swift */,
				06D849D321FE345F008D4261 /* ViewController.swift */,
				06D849D521FE345F008D4261 /* Main.storyboard */,
				06D849D821FE3462008D4261 /* Assets.xcassets */,
				06D849DA21FE3462008D4261 /* LaunchScreen.storyboard */,
				06D849DD21FE3462008D4261 /* Info.plist */,
			);
			path = testproject;
			sourceTree = "<group>";
		};
		06D849E521FE3462008D4261 /* testprojectTests */ = {
			isa = PBXGroup;
			children = (
				06D849E621FE3462008D4261 /* testprojectTests.swift */,
				06D849E821FE3462008D4261 /* Info.plist */,
			);
			path = testprojectTests;
			sourceTree = "<group>";
		};
		06D849F021FE3462008D4261 /* testprojectUITests */ = {
			isa = PBXGroup;
			children = (
				06D849F121FE3462008D4261 /* testprojectUITests.swift */,
				06D849F321FE3462008D4261 /* Info.plist */,
			);
			path = testprojectUITests;
			sourceTree = "<group>";
		};
/* End PBXGroup section */

/* Begin PBXNativeTarget section */
		06D849CD21FE345F008D4261 /* testproject */ = {
			isa = PBXNativeTarget;
			buildConfigurationList = 06D849F621FE3462008D4261 /* Build configuration list for PBXNativeTarget "testproject" */;
			buildPhases = (
				06D849CA21FE345F008D4261 /* Sources */,
				06D849CB21FE345F008D4261 /* Frameworks */,
				06D849CC21FE345F008D4261 /* Resources */,
			);
			buildRules = (
			);
			dependencies = (
			);
			name = testproject;
			productName = testproject;
			productReference = 06D849CE21FE345F008D4261 /* testproject.app */;
			productType = "com.apple.product-type.application";
		};
		06D849E121FE3462008D4261 /* testprojectTests */ = {
			isa = PBXNativeTarget;
			buildConfigurationList = 06D849F921FE3462008D4261 /* Build configuration list for PBXNativeTarget "testprojectTests" */;
			buildPhases = (
				06D849DE21FE3462008D4261 /* Sources */,
				06D849DF21FE3462008D4261 /* Frameworks */,
				06D849E021FE3462008D4261 /* Resources */,
			);
			buildRules = (
			);
			dependencies = (
				06D849E421FE3462008D4261 /* PBXTargetDependency */,
			);
			name = testprojectTests;
			productName = testprojectTests;
			productReference = 06D849E221FE3462008D4261 /* testprojectTests.xctest */;
			productType = "com.apple.product-type.bundle.unit-test";
		};
		06D849EC21FE3462008D4261 /* testprojectUITests */ = {
			isa = PBXNativeTarget;
			buildConfigurationList = 06D849FC21FE3462008D4261 /* Build configuration list for PBXNativeTarget "testprojectUITests" */;
			buildPhases = (
				06D849E921FE3462008D4261 /* Sources */,
				06D849EA21FE3462008D4261 /* Frameworks */,
				06D849EB21FE3462008D4261 /* Resources */,
			);
			buildRules = (
			);
			dependencies = (
				06D849EF21FE3462008D4261 /* PBXTargetDependency */,
			);
			name = testprojectUITests;
			productName = testprojectUITests;
			productReference = 06D849ED21FE3462008D4261 /* testprojectUITests.xctest */;
			productType = "com.apple.product-type.bundle.ui-testing";
		};
/* End PBXNativeTarget section */

/* Begin PBXProject section */
		06D849C621FE345F008D4261 /* Project object */ = {
			isa = PBXProject;
			attributes = {
				LastSwiftUpdateCheck = 1010;
				LastUpgradeCheck = 1010;
				ORGANIZATIONNAME = "austin fujimori";
				TargetAttributes = {
					06D849CD21FE345F008D4261 = {
						CreatedOnToolsVersion = 10.1;
					};
					06D849E121FE3462008D4261 = {
						CreatedOnToolsVersion = 10.1;
						TestTargetID = 06D849CD21FE345F008D4261;
					};
					06D849EC21FE3462008D4261 = {
						CreatedOnToolsVersion = 10.1;
						TestTargetID = 06D849CD21FE345F008D4261;
					};
				};
			};
			buildConfigurationList = 06D849C921FE345F008D4261 /* Build configuration list for PBXProject "testproject" */;
			compatibilityVersion = "Xcode 9.3";
			developmentRegion = en;
			hasScannedForEncodings = 0;
			knownRegions = (
				en,
				Base,
			);
			mainGroup = 06D849C521FE345F008D4261;
			productRefGroup = 06D849CF21FE345F008D4261 /* Products */;
			projectDirPath = "";
			projectRoot = "";
			targets = (
				06D849CD21FE345F008D4261 /* testproject */,
				06D849E121FE3462008D4261 /* testprojectTests */,
				06D849EC21FE3462008D4261 /* testprojectUITests */,
			);
		};
/* End PBXProject section */

/* Begin PBXResourcesBuildPhase section */
		06D849CC21FE345F008D4261 /* Resources */ = {
			isa = PBXResourcesBuildPhase;
			buildActionMask = 2147483647;
			files = (
				06D849DC21FE3462008D4261 /* LaunchScreen.storyboard in Resources */,
				06D849D921FE3462008D4261 /* Assets.xcassets in Resources */,
				06D849D721FE345F008D4261 /* Main.storyboard in Resources */,
			);
			runOnlyForDeploymentPostprocessing = 0;
		};
		06D849E021FE3462008D4261 /* Resources */ = {
			isa = PBXResourcesBuildPhase;
			buildActionMask = 2147483647;
			files = (
			);
			runOnlyForDeploymentPostprocessing = 0;
		};
		06D849EB21FE3462008D4261 /* Resources */ = {
			isa = PBXResourcesBuildPhase;
			buildActionMask = 2147483647;
			files = (
			);
			runOnlyForDeploymentPostprocessing = 0;
		};
/* End PBXResourcesBuildPhase section */

/* Begin PBXSourcesBuildPhase section */
		06D849CA21FE345F008D4261 /* Sources */ = {
			isa = PBXSourcesBuildPhase;
			buildActionMask = 2147483647;
			files = (
				06D849D421FE345F008D4261 /* ViewController.swift in Sources */,
				06D849D221FE345F008D4261 /* AppDelegate.swift in Sources */,
			);
			runOnlyForDeploymentPostprocessing = 0;
		};
		06D849DE21FE3462008D4261 /* Sources */ = {
			isa = PBXSourcesBuildPhase;
			buildActionMask = 2147483647;
			files = (
				06D849E721FE3462008D4261 /* testprojectTests.swift in Sources */,
			);
			runOnlyForDeploymentPostprocessing = 0;
		};
		06D849E921FE3462008D4261 /* Sources */ = {
			isa = PBXSourcesBuildPhase;
			buildActionMask = 2147483647;
			files = (
				06D849F221FE3462008D4261 /* testprojectUITests.swift in Sources */,
			);
			runOnlyForDeploymentPostprocessing = 0;
		};
/* End PBXSourcesBuildPhase section */

/* Begin PBXTargetDependency section */
		06D849E421FE3462008D4261 /* PBXTargetDependency */ = {
			isa = PBXTargetDependency;
			target = 06D849CD21FE345F008D4261 /* testproject */;
			targetProxy = 06D849E321FE3462008D4261 /* PBXContainerItemProxy */;
		};
		06D849EF21FE3462008D4261 /* PBXTargetDependency */ = {
			isa = PBXTargetDependency;
			target = 06D849CD21FE345F008D4261 /* testproject */;
			targetProxy = 06D849EE21FE3462008D4261 /* PBXContainerItemProxy */;
		};
/* End PBXTargetDependency section */

/* Begin PBXVariantGroup section */
		06D849D521FE345F008D4261 /* Main.storyboard */ = {
			isa = PBXVariantGroup;
			children = (
				06D849D621FE345F008D4261 /* Base */,
			);
			name = Main.storyboard;
			sourceTree = "<group>";
		};
		06D849DA21FE3462008D4261 /* LaunchScreen.storyboard */ = {
			isa = PBXVariantGroup;
			children = (
				06D849DB21FE3462008D4261 /* Base */,
			);
			name = LaunchScreen.storyboard;
			sourceTree = "<group>";
		};
/* End PBXVariantGroup section */

/* Begin XCBuildConfiguration section */
		06D849F421FE3462008D4261 /* Debug */ = {
			isa = XCBuildConfiguration;
			buildSettings = {
				ALWAYS_SEARCH_USER_PATHS = NO;
				CLANG_ANALYZER_NONNULL = YES;
				CLANG_ANALYZER_NUMBER_OBJECT_CONVERSION = YES_AGGRESSIVE;
				CLANG_CXX_LANGUAGE_STANDARD = "gnu++14";
				CLANG_CXX_LIBRARY = "libc++";
				CLANG_ENABLE_MODULES = YES;
				CLANG_ENABLE_OBJC_ARC = YES;
				CLANG_ENABLE_OBJC_WEAK = YES;
				CLANG_WARN_BLOCK_CAPTURE_AUTORELEASING = YES;
				CLANG_WARN_BOOL_CONVERSION = YES;
				CLANG_WARN_COMMA = YES;
				CLANG_WARN_CONSTANT_CONVERSION = YES;
				CLANG_WARN_DEPRECATED_OBJC_IMPLEMENTATIONS = YES;
				CLANG_WARN_DIRECT_OBJC_ISA_USAGE = YES_ERROR;
				CLANG_WARN_DOCUMENTATION_COMMENTS = YES;
				CLANG_WARN_EMPTY_BODY = YES;
				CLANG_WARN_ENUM_CONVERSION = YES;
				CLANG_WARN_INFINITE_RECURSION = YES;
				CLANG_WARN_INT_CONVERSION = YES;
				CLANG_WARN_NON_LITERAL_NULL_CONVERSION = YES;
				CLANG_WARN_OBJC_IMPLICIT_RETAIN_SELF = YES;
				CLANG_WARN_OBJC_LITERAL_CONVERSION = YES;
				CLANG_WARN_OBJC_ROOT_CLASS = YES_ERROR;
				CLANG_WARN_RANGE_LOOP_ANALYSIS = YES;
				CLANG_WARN_STRICT_PROTOTYPES = YES;
				CLANG_WARN_SUSPICIOUS_MOVE = YES;
				CLANG_WARN_UNGUARDED_AVAILABILITY = YES_AGGRESSIVE;
				CLANG_WARN_UNREACHABLE_CODE = YES;
				CLANG_WARN__DUPLICATE_METHOD_MATCH = YES;
				CODE_SIGN_IDENTITY = "iPhone Developer";
				COPY_PHASE_STRIP = NO;
				DEBUG_INFORMATION_FORMAT = dwarf;
				ENABLE_STRICT_OBJC_MSGSEND = YES;
				ENABLE_TESTABILITY = YES;
				GCC_C_LANGUAGE_STANDARD = gnu11;
				GCC_DYNAMIC_NO_PIC = NO;
				GCC_NO_COMMON_BLOCKS = YES;
				GCC_OPTIMIZATION_LEVEL = 0;
				GCC_PREPROCESSOR_DEFINITIONS = (
					"DEBUG=1",
					"$(inherited)",
				);
				GCC_WARN_64_TO_32_BIT_CONVERSION = YES;
				GCC_WARN_ABOUT_RETURN_TYPE = YES_ERROR;
				GCC_WARN_UNDECLARED_SELECTOR = YES;
				GCC_WARN_UNINITIALIZED_AUTOS = YES_AGGRESSIVE;
				GCC_WARN_UNUSED_FUNCTION = YES;
				GCC_WARN_UNUSED_VARIABLE = YES;
				IPHONEOS_DEPLOYMENT_TARGET = 12.1;
				MTL_ENABLE_DEBUG_INFO = INCLUDE_SOURCE;
				MTL_FAST_MATH = YES;
				ONLY_ACTIVE_ARCH = YES;
				SDKROOT = iphoneos;
				SWIFT_ACTIVE_COMPILATION_CONDITIONS = DEBUG;
				SWIFT_OPTIMIZATION_LEVEL = "-Onone";
			};
			name = Debug;
		};
		06D849F521FE3462008D4261 /* Release */ = {
			isa = XCBuildConfiguration;
			buildSettings = {
				ALWAYS_SEARCH_USER_PATHS = NO;
				CLANG_ANALYZER_NONNULL = YES;
				CLANG_ANALYZER_NUMBER_OBJECT_CONVERSION = YES_AGGRESSIVE;
				CLANG_CXX_LANGUAGE_STANDARD = "gnu++14";
				CLANG_CXX_LIBRARY = "libc++";
				CLANG_ENABLE_MODULES = YES;
				CLANG_ENABLE_OBJC_ARC = YES;
				CLANG_ENABLE_OBJC_WEAK = YES;
				CLANG_WARN_BLOCK_CAPTURE_AUTORELEASING = YES;
				CLANG_WARN_BOOL_CONVERSION = YES;
				CLANG_WARN_COMMA = YES;
				CLANG_WARN_CONSTANT_CONVERSION = YES;
				CLANG_WARN_DEPRECATED_OBJC_IMPLEMENTATIONS = YES;
				CLANG_WARN_DIRECT_OBJC_ISA_USAGE = YES_ERROR;
				CLANG_WARN_DOCUMENTATION_COMMENTS = YES;
				CLANG_WARN_EMPTY_BODY = YES;
				CLANG_WARN_ENUM_CONVERSION = YES;
				CLANG_WARN_INFINITE_RECURSION = YES;
				CLANG_WARN_INT_CONVERSION = YES;
				CLANG_WARN_NON_LITERAL_NULL_CONVERSION = YES;
				CLANG_WARN_OBJC_IMPLICIT_RETAIN_SELF = YES;
				CLANG_WARN_OBJC_LITERAL_CONVERSION = YES;
				CLANG_WARN_OBJC_ROOT_CLASS = YES_ERROR;
				CLANG_WARN_RANGE_LOOP_ANALYSIS = YES;
				CLANG_WARN_STRICT_PROTOTYPES = YES;
				CLANG_WARN_SUSPICIOUS_MOVE = YES;
				CLANG_WARN_UNGUARDED_AVAILABILITY = YES_AGGRESSIVE;
				CLANG_WARN_UNREACHABLE_CODE = YES;
				CLANG_WARN__DUPLICATE_METHOD_MATCH = YES;
				CODE_SIGN_IDENTITY = "iPhone Developer";
				COPY_PHASE_STRIP = NO;
				DEBUG_INFORMATION_FORMAT = "dwarf-with-dsym";
				ENABLE_NS_ASSERTIONS = NO;
				ENABLE_STRICT_OBJC_MSGSEND = YES;
				GCC_C_LANGUAGE_STANDARD = gnu11;
				GCC_NO_COMMON_BLOCKS = YES;
				GCC_WARN_64_TO_32_BIT_CONVERSION = YES;
				GCC_WARN_ABOUT_RETURN_TYPE = YES_ERROR;
				GCC_WARN_UNDECLARED_SELECTOR = YES;
				GCC_WARN_UNINITIALIZED_AUTOS = YES_AGGRESSIVE;
				GCC_WARN_UNUSED_FUNCTION = YES;
				GCC_WARN_UNUSED_VARIABLE = YES;
				IPHONEOS_DEPLOYMENT_TARGET = 12.1;
				MTL_ENABLE_DEBUG_INFO = NO;
				MTL_FAST_MATH = YES;
				SDKROOT = iphoneos;
				SWIFT_COMPILATION_MODE = wholemodule;
				SWIFT_OPTIMIZATION_LEVEL = "-O";
				VALIDATE_PRODUCT = YES;
			};
			name = Release;
		};
		06D849F721FE3462008D4261 /* Debug */ = {
			isa = XCBuildConfiguration;
			buildSettings = {
				ASSETCATALOG_COMPILER_APPICON_NAME = AppIcon;
				CODE_SIGN_STYLE = Automatic;
				INFOPLIST_FILE = testproject/Info.plist;
				LD_RUNPATH_SEARCH_PATHS = (
					"$(inherited)",
					"@executable_path/Frameworks",
				);
				PRODUCT_BUNDLE_IDENTIFIER = "plugstr-test.testproject";
				PRODUCT_NAME = "$(TARGET_NAME)";
				SWIFT_VERSION = 4.2;
				TARGETED_DEVICE_FAMILY = "1,2";
			};
			name = Debug;
		};
		06D849F821FE3462008D4261 /* Release */ = {
			isa = XCBuildConfiguration;
			buildSettings = {
				ASSETCATALOG_COMPILER_APPICON_NAME = AppIcon;
				CODE_SIGN_STYLE = Automatic;
				INFOPLIST_FILE = testproject/Info.plist;
				LD_RUNPATH_SEARCH_PATHS = (
					"$(inherited)",
					"@executable_path/Frameworks",
				);
				PRODUCT_BUNDLE_IDENTIFIER = "plugstr-test.testproject";
				PRODUCT_NAME = "$(TARGET_NAME)";
				SWIFT_VERSION = 4.2;
				TARGETED_DEVICE_FAMILY = "1,2";
			};
			name = Release;
		};
		06D849FA21FE3462008D4261 /* Debug */ = {
			isa = XCBuildConfiguration;
			buildSettings = {
				ALWAYS_EMBED_SWIFT_STANDARD_LIBRARIES = YES;
				BUNDLE_LOADER = "$(TEST_HOST)";
				CODE_SIGN_STYLE = Automatic;
				INFOPLIST_FILE = testprojectTests/Info.plist;
				LD_RUNPATH_SEARCH_PATHS = (
					"$(inherited)",
					"@executable_path/Frameworks",
					"@loader_path/Frameworks",
				);
				PRODUCT_BUNDLE_IDENTIFIER = "plugstr-test.testprojectTests";
				PRODUCT_NAME = "$(TARGET_NAME)";
				SWIFT_VERSION = 4.2;
				TARGETED_DEVICE_FAMILY = "1,2";
				TEST_HOST = "$(BUILT_PRODUCTS_DIR)/testproject.app/testproject";
			};
			name = Debug;
		};
		06D849FB21FE3462008D4261 /* Release */ = {
			isa = XCBuildConfiguration;
			buildSettings = {
				ALWAYS_EMBED_SWIFT_STANDARD_LIBRARIES = YES;
				BUNDLE_LOADER = "$(TEST_HOST)";
				CODE_SIGN_STYLE = Automatic;
				INFOPLIST_FILE = testprojectTests/Info.plist;
				LD_RUNPATH_SEARCH_PATHS = (
					"$(inherited)",
					"@executable_path/Frameworks",
					"@loader_path/Frameworks",
				);
				PRODUCT_BUNDLE_IDENTIFIER = "plugstr-test.testprojectTests";
				PRODUCT_NAME = "$(TARGET_NAME)";
				SWIFT_VERSION = 4.2;
				TARGETED_DEVICE_FAMILY = "1,2";
				TEST_HOST = "$(BUILT_PRODUCTS_DIR)/testproject.app/testproject";
			};
			name = Release;
		};
		06D849FD21FE3462008D4261 /* Debug */ = {
			isa = XCBuildConfiguration;
			buildSettings = {
				ALWAYS_EMBED_SWIFT_STANDARD_LIBRARIES = YES;
				CODE_SIGN_STYLE = Automatic;
				INFOPLIST_FILE = testprojectUITests/Info.plist;
				LD_RUNPATH_SEARCH_PATHS = (
					"$(inherited)",
					"@executable_path/Frameworks",
					"@loader_path/Frameworks",
				);
				PRODUCT_BUNDLE_IDENTIFIER = "plugstr-test.testprojectUITests";
				PRODUCT_NAME = "$(TARGET_NAME)";
				SWIFT_VERSION = 4.2;
				TARGETED_DEVICE_FAMILY = "1,2";
				TEST_TARGET_NAME = testproject;
			};
			name = Debug;
		};
		06D849FE21FE3462008D4261 /* Release */ = {
			isa = XCBuildConfiguration;
			buildSettings = {
				ALWAYS_EMBED_SWIFT_STANDARD_LIBRARIES = YES;
				CODE_SIGN_STYLE = Automatic;
				INFOPLIST_FILE = testprojectUITests/Info.plist;
				LD_RUNPATH_SEARCH_PATHS = (
					"$(inherited)",
					"@executable_path/Frameworks",
					"@loader_path/Frameworks",
				);
				PRODUCT_BUNDLE_IDENTIFIER = "plugstr-test.testprojectUITests";
				PRODUCT_NAME = "$(TARGET_NAME)";
				SWIFT_VERSION = 4.2;
				TARGETED_DEVICE_FAMILY = "1,2";
				TEST_TARGET_NAME = testproject;
			};
			name = Release;
		};
/* End XCBuildConfiguration section */

/* Begin XCConfigurationList section */
		06D849C921FE345F008D4261 /* Build configuration list for PBXProject "testproject" */ = {
			isa = XCConfigurationList;
			buildConfigurations = (
				06D849F421FE3462008D4261 /* Debug */,
				06D849F521FE3462008D4261 /* Release */,
			);
			defaultConfigurationIsVisible = 0;
			defaultConfigurationName = Release;
		};
		06D849F621FE3462008D4261 /* Build configuration list for PBXNativeTarget "testproject" */ = {
			isa = XCConfigurationList;
			buildConfigurations = (
				06D849F721FE3462008D4261 /* Debug */,
				06D849F821FE3462008D4261 /* Release */,
			);
			defaultConfigurationIsVisible = 0;
			defaultConfigurationName = Release;
		};
		06D849F921FE3462008D4261 /* Build configuration list for PBXNativeTarget "testprojectTests" */ = {
			isa = XCConfigurationList;
			buildConfigurations = (
				06D849FA21FE3462008D4261 /* Debug */,
				06D849FB21FE3462008D4261 /* Release */,
			);
			defaultConfigurationIsVisible = 0;
			defaultConfigurationName = Release;
		};
		06D849FC21FE3462008D4261 /* Build configuration list for PBXNativeTarget "testprojectUITests" */ = {
			isa = XCConfigurationList;
			buildConfigurations = (
				06D849FD21FE3462008D4261 /* Debug */,
				06D849FE21FE3462008D4261 /* Release */,
			);
			defaultConfigurationIsVisible = 0;
			defaultConfigurationName = Release;
		};
/* End XCConfigurationList section */
	};
	rootObject = 06D849C621FE345F008D4261 /* Project object */;
}
